
Microsoft Visual Studio Solution File, Format Version 12.00
# Visual Studio Version 16
VisualStudioVersion = 16.0.30114.105
MinimumVisualStudioVersion = 10.0.40219.1
Project("{2150E333-8FDC-42A3-9474-1A3956D46DE8}") = "src", "src", "{32B71747-07FE-4FAA-9F57-0F94EDEA80BD}"
EndProject
Project("{F2A71F9B-5D33-465A-A702-920D77279786}") = "BoardgameManager.Core", "src\Core\BoardgameManager.Core.fsproj", "{BEEFE401-998C-4A54-897E-22B5E2FE4930}"
EndProject
Project("{2150E333-8FDC-42A3-9474-1A3956D46DE8}") = "tests", "tests", "{82529A42-5008-48A7-934B-3093176CBA74}"
EndProject
Project("{F2A71F9B-5D33-465A-A702-920D77279786}") = "BoardgameManager.Core.Tests", "tests\Core\BoardgameManager.Core.Tests.fsproj", "{CDA251A8-F075-4C96-B73F-4FC25A4E189A}"
EndProject
Global
	GlobalSection(SolutionConfigurationPlatforms) = preSolution
		Debug|Any CPU = Debug|Any CPU
		Debug|x64 = Debug|x64
		Debug|x86 = Debug|x86
		Release|Any CPU = Release|Any CPU
		Release|x64 = Release|x64
		Release|x86 = Release|x86
	EndGlobalSection
	GlobalSection(SolutionProperties) = preSolution
		HideSolutionNode = FALSE
	EndGlobalSection
	GlobalSection(ProjectConfigurationPlatforms) = postSolution
		{BEEFE401-998C-4A54-897E-22B5E2FE4930}.Debug|Any CPU.ActiveCfg = Debug|Any CPU
		{BEEFE401-998C-4A54-897E-22B5E2FE4930}.Debug|Any CPU.Build.0 = Debug|Any CPU
		{BEEFE401-998C-4A54-897E-22B5E2FE4930}.Debug|x64.ActiveCfg = Debug|Any CPU
		{BEEFE401-998C-4A54-897E-22B5E2FE4930}.Debug|x64.Build.0 = Debug|Any CPU
		{BEEFE401-998C-4A54-897E-22B5E2FE4930}.Debug|x86.ActiveCfg = Debug|Any CPU
		{BEEFE401-998C-4A54-897E-22B5E2FE4930}.Debug|x86.Build.0 = Debug|Any CPU
		{BEEFE401-998C-4A54-897E-22B5E2FE4930}.Release|Any CPU.ActiveCfg = Release|Any CPU
		{BEEFE401-998C-4A54-897E-22B5E2FE4930}.Release|Any CPU.Build.0 = Release|Any CPU
		{BEEFE401-998C-4A54-897E-22B5E2FE4930}.Release|x64.ActiveCfg = Release|Any CPU
		{BEEFE401-998C-4A54-897E-22B5E2FE4930}.Release|x64.Build.0 = Release|Any CPU
		{BEEFE401-998C-4A54-897E-22B5E2FE4930}.Release|x86.ActiveCfg = Release|Any CPU
		{BEEFE401-998C-4A54-897E-22B5E2FE4930}.Release|x86.Build.0 = Release|Any CPU
		{CDA251A8-F075-4C96-B73F-4FC25A4E189A}.Debug|Any CPU.ActiveCfg = Debug|Any CPU
		{CDA251A8-F075-4C96-B73F-4FC25A4E189A}.Debug|Any CPU.Build.0 = Debug|Any CPU
		{CDA251A8-F075-4C96-B73F-4FC25A4E189A}.Debug|x64.ActiveCfg = Debug|Any CPU
		{CDA251A8-F075-4C96-B73F-4FC25A4E189A}.Debug|x64.Build.0 = Debug|Any CPU
		{CDA251A8-F075-4C96-B73F-4FC25A4E189A}.Debug|x86.ActiveCfg = Debug|Any CPU
		{CDA251A8-F075-4C96-B73F-4FC25A4E189A}.Debug|x86.Build.0 = Debug|Any CPU
		{CDA251A8-F075-4C96-B73F-4FC25A4E189A}.Release|Any CPU.ActiveCfg = Release|Any CPU
		{CDA251A8-F075-4C96-B73F-4FC25A4E189A}.Release|Any CPU.Build.0 = Release|Any CPU
		{CDA251A8-F075-4C96-B73F-4FC25A4E189A}.Release|x64.ActiveCfg = Release|Any CPU
		{CDA251A8-F075-4C96-B73F-4FC25A4E189A}.Release|x64.Build.0 = Release|Any CPU
		{CDA251A8-F075-4C96-B73F-4FC25A4E189A}.Release|x86.ActiveCfg = Release|Any CPU
		{CDA251A8-F075-4C96-B73F-4FC25A4E189A}.Release|x86.Build.0 = Release|Any CPU
	EndGlobalSection
	GlobalSection(NestedProjects) = preSolution
		{BEEFE401-998C-4A54-897E-22B5E2FE4930} = {32B71747-07FE-4FAA-9F57-0F94EDEA80BD}
		{CDA251A8-F075-4C96-B73F-4FC25A4E189A} = {82529A42-5008-48A7-934B-3093176CBA74}
	EndGlobalSection
EndGlobal
