
Microsoft Visual Studio Solution File, Format Version 12.00
# Visual Studio Version 16
VisualStudioVersion = 16.6.30114.105
MinimumVisualStudioVersion = 10.0.40219.1
Project("{2150E333-8FDC-42A3-9474-1A3956D46DE8}") = "src", "src", "{87D20D9C-AB51-46BA-A369-A873BEE363B2}"
EndProject
Project("{2150E333-8FDC-42A3-9474-1A3956D46DE8}") = "BoardgameManager", "BoardgameManager", "{9C30E86C-AD38-476F-B6AB-D7FD3DAE851E}"
EndProject
Project("{F2A71F9B-5D33-465A-A702-920D77279786}") = "BoardgameManager.Core", "src\BoardgameManager\Core\BoardgameManager.Core.fsproj", "{2DAFB6F9-9968-4E3C-8B88-D200C75FA128}"
EndProject
Global
	GlobalSection(SolutionConfigurationPlatforms) = preSolution
		Debug|Any CPU = Debug|Any CPU
		Debug|x64 = Debug|x64
		Debug|x86 = Debug|x86
		Release|Any CPU = Release|Any CPU
		Release|x64 = Release|x64
		Release|x86 = Release|x86
	EndGlobalSection
	GlobalSection(SolutionProperties) = preSolution
		HideSolutionNode = FALSE
	EndGlobalSection
	GlobalSection(ProjectConfigurationPlatforms) = postSolution
		{2DAFB6F9-9968-4E3C-8B88-D200C75FA128}.Debug|Any CPU.ActiveCfg = Debug|Any CPU
		{2DAFB6F9-9968-4E3C-8B88-D200C75FA128}.Debug|Any CPU.Build.0 = Debug|Any CPU
		{2DAFB6F9-9968-4E3C-8B88-D200C75FA128}.Debug|x64.ActiveCfg = Debug|Any CPU
		{2DAFB6F9-9968-4E3C-8B88-D200C75FA128}.Debug|x64.Build.0 = Debug|Any CPU
		{2DAFB6F9-9968-4E3C-8B88-D200C75FA128}.Debug|x86.ActiveCfg = Debug|Any CPU
		{2DAFB6F9-9968-4E3C-8B88-D200C75FA128}.Debug|x86.Build.0 = Debug|Any CPU
		{2DAFB6F9-9968-4E3C-8B88-D200C75FA128}.Release|Any CPU.ActiveCfg = Release|Any CPU
		{2DAFB6F9-9968-4E3C-8B88-D200C75FA128}.Release|Any CPU.Build.0 = Release|Any CPU
		{2DAFB6F9-9968-4E3C-8B88-D200C75FA128}.Release|x64.ActiveCfg = Release|Any CPU
		{2DAFB6F9-9968-4E3C-8B88-D200C75FA128}.Release|x64.Build.0 = Release|Any CPU
		{2DAFB6F9-9968-4E3C-8B88-D200C75FA128}.Release|x86.ActiveCfg = Release|Any CPU
		{2DAFB6F9-9968-4E3C-8B88-D200C75FA128}.Release|x86.Build.0 = Release|Any CPU
	EndGlobalSection
	GlobalSection(NestedProjects) = preSolution
		{9C30E86C-AD38-476F-B6AB-D7FD3DAE851E} = {87D20D9C-AB51-46BA-A369-A873BEE363B2}
		{2DAFB6F9-9968-4E3C-8B88-D200C75FA128} = {9C30E86C-AD38-476F-B6AB-D7FD3DAE851E}
	EndGlobalSection
EndGlobal
